
Microsoft Visual Studio Solution File, Format Version 12.00
# Visual Studio Version 17
VisualStudioVersion = 17.11.35303.130
MinimumVisualStudioVersion = 10.0.40219.1
Project("{FAE04EC0-301F-11D3-BF4B-00C04F79EFBC}") = "DB_testing", "DB_testing\DB_testing.csproj", "{B3B4F7A6-DCA3-41E5-8BB1-BC865D772B42}"
EndProject
Project("{FAE04EC0-301F-11D3-BF4B-00C04F79EFBC}") = "AdoNetModuleConsole", "AdoNetModuleConsole\AdoNetModuleConsole.csproj", "{A9AACE3A-EC35-4564-9B68-0FBCCC3C1FAC}"
EndProject
Global
	GlobalSection(SolutionConfigurationPlatforms) = preSolution
		Debug|Any CPU = Debug|Any CPU
		Release|Any CPU = Release|Any CPU
	EndGlobalSection
	GlobalSection(ProjectConfigurationPlatforms) = postSolution
		{B3B4F7A6-DCA3-41E5-8BB1-BC865D772B42}.Debug|Any CPU.ActiveCfg = Debug|Any CPU
		{B3B4F7A6-DCA3-41E5-8BB1-BC865D772B42}.Debug|Any CPU.Build.0 = Debug|Any CPU
		{B3B4F7A6-DCA3-41E5-8BB1-BC865D772B42}.Release|Any CPU.ActiveCfg = Release|Any CPU
		{B3B4F7A6-DCA3-41E5-8BB1-BC865D772B42}.Release|Any CPU.Build.0 = Release|Any CPU
		{A9AACE3A-EC35-4564-9B68-0FBCCC3C1FAC}.Debug|Any CPU.ActiveCfg = Debug|Any CPU
		{A9AACE3A-EC35-4564-9B68-0FBCCC3C1FAC}.Debug|Any CPU.Build.0 = Debug|Any CPU
		{A9AACE3A-EC35-4564-9B68-0FBCCC3C1FAC}.Release|Any CPU.ActiveCfg = Release|Any CPU
		{A9AACE3A-EC35-4564-9B68-0FBCCC3C1FAC}.Release|Any CPU.Build.0 = Release|Any CPU
	EndGlobalSection
	GlobalSection(SolutionProperties) = preSolution
		HideSolutionNode = FALSE
	EndGlobalSection
	GlobalSection(ExtensibilityGlobals) = postSolution
		SolutionGuid = {02AF6EFF-FBA2-4428-9558-3E3AC3D3FDB4}
	EndGlobalSection
EndGlobal
